# This file is generated by running "yarn install" inside your project.
# Manual changes might be lost - proceed with caution!

__metadata:
  version: 6
  cacheKey: 8

"@esbuild/linux-loong64@npm:0.15.2":
  version: 0.15.2
  resolution: "@esbuild/linux-loong64@npm:0.15.2"
  conditions: os=linux & cpu=loong64
  languageName: node
  linkType: hard

"@types/node@npm:^18.7.1":
  version: 18.7.1
  resolution: "@types/node@npm:18.7.1"
  checksum: f1e2b701b107f97be01da4c46845cd23bcdcb2865f9abbb2847546d09587e726ea207daca6f0d1e72196875ef8c62feeeff5f1c1f2070445acd6d1a61d815c7c
  languageName: node
  linkType: hard

"@types/prompts@npm:^2.0.14":
  version: 2.4.0
  resolution: "@types/prompts@npm:2.4.0"
  checksum: ec75655f07fbc3cb2df60a3e3bdd13bfda0554a16f5541285c4b1cc0610756838a2863dccfc911cbb1385492054c07210512164e3dbef272ec638d631783b278
  languageName: node
  linkType: hard

"@types/prop-types@npm:*":
  version: 15.7.5
  resolution: "@types/prop-types@npm:15.7.5"
  checksum: 5b43b8b15415e1f298243165f1d44390403bb2bd42e662bca3b5b5633fdd39c938e91b7fce3a9483699db0f7a715d08cef220c121f723a634972fdf596aec980
  languageName: node
  linkType: hard

"@types/react-dom@npm:^18.0.6":
  version: 18.0.6
  resolution: "@types/react-dom@npm:18.0.6"
  dependencies:
    "@types/react": "*"
  checksum: db571047af1a567631758700b9f7d143e566df939cfe5fbf7535347cc0c726a1cdbb5e3f8566d076e54cf708b6c1166689de194a9ba09ee35efc9e1d45911685
  languageName: node
  linkType: hard

"@types/react@npm:*, @types/react@npm:^18.0.17":
  version: 18.0.17
  resolution: "@types/react@npm:18.0.17"
  dependencies:
    "@types/prop-types": "*"
    "@types/scheduler": "*"
    csstype: ^3.0.2
  checksum: 18cae64f5bfd6bb58fbd8ee2ba52ec82de844f114254e26de7b513e4b86621f643f9b71d7066958cd571b0d78cb86cbceda449c5289f9349ca573df29ab69252
  languageName: node
  linkType: hard

"@types/scheduler@npm:*":
  version: 0.16.2
  resolution: "@types/scheduler@npm:0.16.2"
  checksum: b6b4dcfeae6deba2e06a70941860fb1435730576d3689225a421280b7742318d1548b3d22c1f66ab68e414f346a9542f29240bc955b6332c5b11e561077583bc
  languageName: node
  linkType: hard

"apex-engine@file:/Users/benjaminsuch/Desktop/apex-engine/packages/apex-engine::locator=seawars%40workspace%3Apackages%2Fseawars":
  version: 0.0.1
  resolution: "apex-engine@file:/Users/benjaminsuch/Desktop/apex-engine/packages/apex-engine#/Users/benjaminsuch/Desktop/apex-engine/packages/apex-engine::hash=480944&locator=seawars%40workspace%3Apackages%2Fseawars"
  bin:
    apex: bin/apex.js
  checksum: 82d6439ee39614128d697d699b37e2487386cf653a5f119faf9a201159a7f929d65a402dd464d8b4705444c7041199c00919f6ac449fe7a7649e1e6dd982b416
  languageName: node
  linkType: hard

"apex-engine@workspace:packages/apex-engine":
  version: 0.0.0-use.local
  resolution: "apex-engine@workspace:packages/apex-engine"
  dependencies:
    typescript: ^4.7.4
  bin:
    apex: bin/apex.js
  languageName: unknown
  linkType: soft

"chalk@npm:^5.0.1":
  version: 5.0.1
  resolution: "chalk@npm:5.0.1"
  checksum: 7b45300372b908f0471fbf7389ce2f5de8d85bb949026fd51a1b95b10d0ed32c7ed5aab36dd5e9d2bf3191867909b4404cef75c5f4d2d1daeeacd301dd280b76
  languageName: node
  linkType: hard

"commander@npm:^9.4.0":
  version: 9.4.0
  resolution: "commander@npm:9.4.0"
  checksum: a322de584a6ccd1ea83c24f6a660e52d16ffbe2613fcfbb8d2cc68bc9dec637492456d754fe8bb5b039ad843ed8e04fb0b107e581a75f62cde9e1a0ab1546e09
  languageName: node
  linkType: hard

"create-apex-game@workspace:packages/create-apex-game":
  version: 0.0.0-use.local
  resolution: "create-apex-game@workspace:packages/create-apex-game"
  dependencies:
    "@types/node": ^18.7.1
    "@types/prompts": ^2.0.14
    chalk: ^5.0.1
    commander: ^9.4.0
    prompts: ^2.4.2
    typescript: ^4.7.4
  bin:
    create-apex-game: index.js
  languageName: unknown
  linkType: soft

"cross-spawn@npm:^7.0.3":
  version: 7.0.3
  resolution: "cross-spawn@npm:7.0.3"
  dependencies:
    path-key: ^3.1.0
    shebang-command: ^2.0.0
    which: ^2.0.1
  checksum: 671cc7c7288c3a8406f3c69a3ae2fc85555c04169e9d611def9a675635472614f1c0ed0ef80955d5b6d4e724f6ced67f0ad1bb006c2ea643488fcfef994d7f52
  languageName: node
  linkType: hard

"csstype@npm:^3.0.2":
  version: 3.1.0
  resolution: "csstype@npm:3.1.0"
  checksum: 644e986cefab86525f0b674a06889cfdbb1f117e5b7d1ce0fc55b0423ecc58807a1ea42ecc75c4f18999d14fc42d1d255f84662a45003a52bb5840e977eb2ffd
  languageName: node
  linkType: hard

"esbuild-android-64@npm:0.15.2":
  version: 0.15.2
  resolution: "esbuild-android-64@npm:0.15.2"
  conditions: os=android & cpu=x64
  languageName: node
  linkType: hard

"esbuild-android-arm64@npm:0.15.2":
  version: 0.15.2
  resolution: "esbuild-android-arm64@npm:0.15.2"
  conditions: os=android & cpu=arm64
  languageName: node
  linkType: hard

"esbuild-darwin-64@npm:0.15.2":
  version: 0.15.2
  resolution: "esbuild-darwin-64@npm:0.15.2"
  conditions: os=darwin & cpu=x64
  languageName: node
  linkType: hard

"esbuild-darwin-arm64@npm:0.15.2":
  version: 0.15.2
  resolution: "esbuild-darwin-arm64@npm:0.15.2"
  conditions: os=darwin & cpu=arm64
  languageName: node
  linkType: hard

"esbuild-freebsd-64@npm:0.15.2":
  version: 0.15.2
  resolution: "esbuild-freebsd-64@npm:0.15.2"
  conditions: os=freebsd & cpu=x64
  languageName: node
  linkType: hard

"esbuild-freebsd-arm64@npm:0.15.2":
  version: 0.15.2
  resolution: "esbuild-freebsd-arm64@npm:0.15.2"
  conditions: os=freebsd & cpu=arm64
  languageName: node
  linkType: hard

"esbuild-linux-32@npm:0.15.2":
  version: 0.15.2
  resolution: "esbuild-linux-32@npm:0.15.2"
  conditions: os=linux & cpu=ia32
  languageName: node
  linkType: hard

"esbuild-linux-64@npm:0.15.2":
  version: 0.15.2
  resolution: "esbuild-linux-64@npm:0.15.2"
  conditions: os=linux & cpu=x64
  languageName: node
  linkType: hard

"esbuild-linux-arm64@npm:0.15.2":
  version: 0.15.2
  resolution: "esbuild-linux-arm64@npm:0.15.2"
  conditions: os=linux & cpu=arm64
  languageName: node
  linkType: hard

"esbuild-linux-arm@npm:0.15.2":
  version: 0.15.2
  resolution: "esbuild-linux-arm@npm:0.15.2"
  conditions: os=linux & cpu=arm
  languageName: node
  linkType: hard

"esbuild-linux-mips64le@npm:0.15.2":
  version: 0.15.2
  resolution: "esbuild-linux-mips64le@npm:0.15.2"
  conditions: os=linux & cpu=mips64el
  languageName: node
  linkType: hard

"esbuild-linux-ppc64le@npm:0.15.2":
  version: 0.15.2
  resolution: "esbuild-linux-ppc64le@npm:0.15.2"
  conditions: os=linux & cpu=ppc64
  languageName: node
  linkType: hard

"esbuild-linux-riscv64@npm:0.15.2":
  version: 0.15.2
  resolution: "esbuild-linux-riscv64@npm:0.15.2"
  conditions: os=linux & cpu=riscv64
  languageName: node
  linkType: hard

"esbuild-linux-s390x@npm:0.15.2":
  version: 0.15.2
  resolution: "esbuild-linux-s390x@npm:0.15.2"
  conditions: os=linux & cpu=s390x
  languageName: node
  linkType: hard

"esbuild-netbsd-64@npm:0.15.2":
  version: 0.15.2
  resolution: "esbuild-netbsd-64@npm:0.15.2"
  conditions: os=netbsd & cpu=x64
  languageName: node
  linkType: hard

"esbuild-node-externals@npm:^1.4.1":
  version: 1.4.1
  resolution: "esbuild-node-externals@npm:1.4.1"
  dependencies:
    find-up: 5.0.0
    tslib: 2.3.1
  peerDependencies:
    esbuild: 0.12 - 0.14
  checksum: 418a19ed4eaa69cfc877d6a91fcb9e4bffeda805d171225cca29536b57c6ed94d60653306aa95ba0914aa151f82772a01157e061781549b7ec09ee6576376ff9
  languageName: node
  linkType: hard

"esbuild-openbsd-64@npm:0.15.2":
  version: 0.15.2
  resolution: "esbuild-openbsd-64@npm:0.15.2"
  conditions: os=openbsd & cpu=x64
  languageName: node
  linkType: hard

"esbuild-sunos-64@npm:0.15.2":
  version: 0.15.2
  resolution: "esbuild-sunos-64@npm:0.15.2"
  conditions: os=sunos & cpu=x64
  languageName: node
  linkType: hard

"esbuild-windows-32@npm:0.15.2":
  version: 0.15.2
  resolution: "esbuild-windows-32@npm:0.15.2"
  conditions: os=win32 & cpu=ia32
  languageName: node
  linkType: hard

"esbuild-windows-64@npm:0.15.2":
  version: 0.15.2
  resolution: "esbuild-windows-64@npm:0.15.2"
  conditions: os=win32 & cpu=x64
  languageName: node
  linkType: hard

"esbuild-windows-arm64@npm:0.15.2":
  version: 0.15.2
  resolution: "esbuild-windows-arm64@npm:0.15.2"
  conditions: os=win32 & cpu=arm64
  languageName: node
  linkType: hard

"esbuild@npm:^0.15.2":
  version: 0.15.2
  resolution: "esbuild@npm:0.15.2"
  dependencies:
    "@esbuild/linux-loong64": 0.15.2
    esbuild-android-64: 0.15.2
    esbuild-android-arm64: 0.15.2
    esbuild-darwin-64: 0.15.2
    esbuild-darwin-arm64: 0.15.2
    esbuild-freebsd-64: 0.15.2
    esbuild-freebsd-arm64: 0.15.2
    esbuild-linux-32: 0.15.2
    esbuild-linux-64: 0.15.2
    esbuild-linux-arm: 0.15.2
    esbuild-linux-arm64: 0.15.2
    esbuild-linux-mips64le: 0.15.2
    esbuild-linux-ppc64le: 0.15.2
    esbuild-linux-riscv64: 0.15.2
    esbuild-linux-s390x: 0.15.2
    esbuild-netbsd-64: 0.15.2
    esbuild-openbsd-64: 0.15.2
    esbuild-sunos-64: 0.15.2
    esbuild-windows-32: 0.15.2
    esbuild-windows-64: 0.15.2
    esbuild-windows-arm64: 0.15.2
  dependenciesMeta:
    "@esbuild/linux-loong64":
      optional: true
    esbuild-android-64:
      optional: true
    esbuild-android-arm64:
      optional: true
    esbuild-darwin-64:
      optional: true
    esbuild-darwin-arm64:
      optional: true
    esbuild-freebsd-64:
      optional: true
    esbuild-freebsd-arm64:
      optional: true
    esbuild-linux-32:
      optional: true
    esbuild-linux-64:
      optional: true
    esbuild-linux-arm:
      optional: true
    esbuild-linux-arm64:
      optional: true
    esbuild-linux-mips64le:
      optional: true
    esbuild-linux-ppc64le:
      optional: true
    esbuild-linux-riscv64:
      optional: true
    esbuild-linux-s390x:
      optional: true
    esbuild-netbsd-64:
      optional: true
    esbuild-openbsd-64:
      optional: true
    esbuild-sunos-64:
      optional: true
    esbuild-windows-32:
      optional: true
    esbuild-windows-64:
      optional: true
    esbuild-windows-arm64:
      optional: true
  bin:
    esbuild: bin/esbuild
  checksum: d9cbd5253d3264a1ab1290969f89a29e5d68e1b182886bf7093adbc9aeccff49f1bea9755240e08303561116a5c900d16d94702303f3f980a632687cb6b57bfc
  languageName: node
  linkType: hard

"execa@npm:^6.1.0":
  version: 6.1.0
  resolution: "execa@npm:6.1.0"
  dependencies:
    cross-spawn: ^7.0.3
    get-stream: ^6.0.1
    human-signals: ^3.0.1
    is-stream: ^3.0.0
    merge-stream: ^2.0.0
    npm-run-path: ^5.1.0
    onetime: ^6.0.0
    signal-exit: ^3.0.7
    strip-final-newline: ^3.0.0
  checksum: 1a4af799839134f5c72eb63d525b87304c1114a63aa71676c91d57ccef2e26f2f53e14c11384ab11c4ec479be1efa83d11c8190e00040355c2c5c3364327fa8e
  languageName: node
  linkType: hard

"find-up@npm:5.0.0":
  version: 5.0.0
  resolution: "find-up@npm:5.0.0"
  dependencies:
    locate-path: ^6.0.0
    path-exists: ^4.0.0
  checksum: 07955e357348f34660bde7920783204ff5a26ac2cafcaa28bace494027158a97b9f56faaf2d89a6106211a8174db650dd9f503f9c0d526b1202d5554a00b9095
  languageName: node
  linkType: hard

"get-stream@npm:^6.0.1":
  version: 6.0.1
  resolution: "get-stream@npm:6.0.1"
  checksum: e04ecece32c92eebf5b8c940f51468cd53554dcbb0ea725b2748be583c9523d00128137966afce410b9b051eb2ef16d657cd2b120ca8edafcf5a65e81af63cad
  languageName: node
  linkType: hard

"human-signals@npm:^3.0.1":
  version: 3.0.1
  resolution: "human-signals@npm:3.0.1"
  checksum: f252a7769c8094a5c9dc6772816bdb417b188820b04c8b42d0fc468e03a0ba905b1dd07afabe9385cc83504af1ccc2b985cd1e4aeeeb8e0029896c5af2e6f354
  languageName: node
  linkType: hard

"is-stream@npm:^3.0.0":
  version: 3.0.0
  resolution: "is-stream@npm:3.0.0"
  checksum: 172093fe99119ffd07611ab6d1bcccfe8bc4aa80d864b15f43e63e54b7abc71e779acd69afdb854c4e2a67fdc16ae710e370eda40088d1cfc956a50ed82d8f16
  languageName: node
  linkType: hard

"isexe@npm:^2.0.0":
  version: 2.0.0
  resolution: "isexe@npm:2.0.0"
  checksum: 26bf6c5480dda5161c820c5b5c751ae1e766c587b1f951ea3fcfc973bafb7831ae5b54a31a69bd670220e42e99ec154475025a468eae58ea262f813fdc8d1c62
  languageName: node
  linkType: hard

"js-tokens@npm:^3.0.0 || ^4.0.0":
  version: 4.0.0
  resolution: "js-tokens@npm:4.0.0"
  checksum: 8a95213a5a77deb6cbe94d86340e8d9ace2b93bc367790b260101d2f36a2eaf4e4e22d9fa9cf459b38af3a32fb4190e638024cf82ec95ef708680e405ea7cc78
  languageName: node
  linkType: hard

"kleur@npm:^3.0.3":
  version: 3.0.3
  resolution: "kleur@npm:3.0.3"
  checksum: df82cd1e172f957bae9c536286265a5cdbd5eeca487cb0a3b2a7b41ef959fc61f8e7c0e9aeea9c114ccf2c166b6a8dd45a46fd619c1c569d210ecd2765ad5169
  languageName: node
  linkType: hard

"locate-path@npm:^6.0.0":
  version: 6.0.0
  resolution: "locate-path@npm:6.0.0"
  dependencies:
    p-locate: ^5.0.0
  checksum: 72eb661788a0368c099a184c59d2fee760b3831c9c1c33955e8a19ae4a21b4116e53fa736dc086cdeb9fce9f7cc508f2f92d2d3aae516f133e16a2bb59a39f5a
  languageName: node
  linkType: hard

"loose-envify@npm:^1.1.0":
  version: 1.4.0
  resolution: "loose-envify@npm:1.4.0"
  dependencies:
    js-tokens: ^3.0.0 || ^4.0.0
  bin:
    loose-envify: cli.js
  checksum: 6517e24e0cad87ec9888f500c5b5947032cdfe6ef65e1c1936a0c48a524b81e65542c9c3edc91c97d5bddc806ee2a985dbc79be89215d613b1de5db6d1cfe6f4
  languageName: node
  linkType: hard

"merge-stream@npm:^2.0.0":
  version: 2.0.0
  resolution: "merge-stream@npm:2.0.0"
  checksum: 6fa4dcc8d86629705cea944a4b88ef4cb0e07656ebf223fa287443256414283dd25d91c1cd84c77987f2aec5927af1a9db6085757cb43d90eb170ebf4b47f4f4
  languageName: node
  linkType: hard

"mimic-fn@npm:^4.0.0":
  version: 4.0.0
  resolution: "mimic-fn@npm:4.0.0"
  checksum: 995dcece15ee29aa16e188de6633d43a3db4611bcf93620e7e62109ec41c79c0f34277165b8ce5e361205049766e371851264c21ac64ca35499acb5421c2ba56
  languageName: node
  linkType: hard

"npm-run-path@npm:^5.1.0":
  version: 5.1.0
  resolution: "npm-run-path@npm:5.1.0"
  dependencies:
    path-key: ^4.0.0
  checksum: dc184eb5ec239d6a2b990b43236845332ef12f4e0beaa9701de724aa797fe40b6bbd0157fb7639d24d3ab13f5d5cf22d223a19c6300846b8126f335f788bee66
  languageName: node
  linkType: hard

"onetime@npm:^6.0.0":
  version: 6.0.0
  resolution: "onetime@npm:6.0.0"
  dependencies:
    mimic-fn: ^4.0.0
  checksum: 0846ce78e440841335d4e9182ef69d5762e9f38aa7499b19f42ea1c4cd40f0b4446094c455c713f9adac3f4ae86f613bb5e30c99e52652764d06a89f709b3788
  languageName: node
  linkType: hard

"p-limit@npm:^3.0.2":
  version: 3.1.0
  resolution: "p-limit@npm:3.1.0"
  dependencies:
    yocto-queue: ^0.1.0
  checksum: 7c3690c4dbf62ef625671e20b7bdf1cbc9534e83352a2780f165b0d3ceba21907e77ad63401708145ca4e25bfc51636588d89a8c0aeb715e6c37d1c066430360
  languageName: node
  linkType: hard

"p-locate@npm:^5.0.0":
  version: 5.0.0
  resolution: "p-locate@npm:5.0.0"
  dependencies:
    p-limit: ^3.0.2
  checksum: 1623088f36cf1cbca58e9b61c4e62bf0c60a07af5ae1ca99a720837356b5b6c5ba3eb1b2127e47a06865fee59dd0453cad7cc844cda9d5a62ac1a5a51b7c86d3
  languageName: node
  linkType: hard

"path-exists@npm:^4.0.0":
  version: 4.0.0
  resolution: "path-exists@npm:4.0.0"
  checksum: 505807199dfb7c50737b057dd8d351b82c033029ab94cb10a657609e00c1bc53b951cfdbccab8de04c5584d5eff31128ce6afd3db79281874a5ef2adbba55ed1
  languageName: node
  linkType: hard

"path-key@npm:^3.1.0":
  version: 3.1.1
  resolution: "path-key@npm:3.1.1"
  checksum: 55cd7a9dd4b343412a8386a743f9c746ef196e57c823d90ca3ab917f90ab9f13dd0ded27252ba49dbdfcab2b091d998bc446f6220cd3cea65db407502a740020
  languageName: node
  linkType: hard

"path-key@npm:^4.0.0":
  version: 4.0.0
  resolution: "path-key@npm:4.0.0"
  checksum: 8e6c314ae6d16b83e93032c61020129f6f4484590a777eed709c4a01b50e498822b00f76ceaf94bc64dbd90b327df56ceadce27da3d83393790f1219e07721d7
  languageName: node
  linkType: hard

"prompts@npm:^2.4.2":
  version: 2.4.2
  resolution: "prompts@npm:2.4.2"
  dependencies:
    kleur: ^3.0.3
    sisteransi: ^1.0.5
  checksum: d8fd1fe63820be2412c13bfc5d0a01909acc1f0367e32396962e737cb2fc52d004f3302475d5ce7d18a1e8a79985f93ff04ee03007d091029c3f9104bffc007d
  languageName: node
  linkType: hard

"react-dom@npm:^18.2.0":
  version: 18.2.0
  resolution: "react-dom@npm:18.2.0"
  dependencies:
    loose-envify: ^1.1.0
    scheduler: ^0.23.0
  peerDependencies:
    react: ^18.2.0
  checksum: 7d323310bea3a91be2965f9468d552f201b1c27891e45ddc2d6b8f717680c95a75ae0bc1e3f5cf41472446a2589a75aed4483aee8169287909fcd59ad149e8cc
  languageName: node
  linkType: hard

"react@npm:^18.2.0":
  version: 18.2.0
  resolution: "react@npm:18.2.0"
  dependencies:
    loose-envify: ^1.1.0
  checksum: 88e38092da8839b830cda6feef2e8505dec8ace60579e46aa5490fc3dc9bba0bd50336507dc166f43e3afc1c42939c09fe33b25fae889d6f402721dcd78fca1b
  languageName: node
  linkType: hard

"root@workspace:.":
  version: 0.0.0-use.local
  resolution: "root@workspace:."
  languageName: unknown
  linkType: soft

"scheduler@npm:^0.23.0":
  version: 0.23.0
  resolution: "scheduler@npm:0.23.0"
  dependencies:
    loose-envify: ^1.1.0
  checksum: d79192eeaa12abef860c195ea45d37cbf2bbf5f66e3c4dcd16f54a7da53b17788a70d109ee3d3dde1a0fd50e6a8fc171f4300356c5aee4fc0171de526bf35f8a
  languageName: node
  linkType: hard

"seawars@workspace:packages/seawars":
  version: 0.0.0-use.local
  resolution: "seawars@workspace:packages/seawars"
  dependencies:
    "@types/react": ^18.0.17
    "@types/react-dom": ^18.0.6
    apex-engine: "file:/Users/benjaminsuch/Desktop/apex-engine/packages/apex-engine"
    esbuild: ^0.15.2
    esbuild-node-externals: ^1.4.1
    execa: ^6.1.0
    react: ^18.2.0
    react-dom: ^18.2.0
    typescript: ^4.7.4
  languageName: unknown
  linkType: soft

"shebang-command@npm:^2.0.0":
  version: 2.0.0
  resolution: "shebang-command@npm:2.0.0"
  dependencies:
    shebang-regex: ^3.0.0
  checksum: 6b52fe87271c12968f6a054e60f6bde5f0f3d2db483a1e5c3e12d657c488a15474121a1d55cd958f6df026a54374ec38a4a963988c213b7570e1d51575cea7fa
  languageName: node
  linkType: hard

"shebang-regex@npm:^3.0.0":
  version: 3.0.0
  resolution: "shebang-regex@npm:3.0.0"
  checksum: 1a2bcae50de99034fcd92ad4212d8e01eedf52c7ec7830eedcf886622804fe36884278f2be8be0ea5fde3fd1c23911643a4e0f726c8685b61871c8908af01222
  languageName: node
  linkType: hard

"signal-exit@npm:^3.0.7":
  version: 3.0.7
  resolution: "signal-exit@npm:3.0.7"
  checksum: a2f098f247adc367dffc27845853e9959b9e88b01cb301658cfe4194352d8d2bb32e18467c786a7fe15f1d44b233ea35633d076d5e737870b7139949d1ab6318
  languageName: node
  linkType: hard

"sisteransi@npm:^1.0.5":
  version: 1.0.5
  resolution: "sisteransi@npm:1.0.5"
  checksum: aba6438f46d2bfcef94cf112c835ab395172c75f67453fe05c340c770d3c402363018ae1ab4172a1026a90c47eaccf3af7b6ff6fa749a680c2929bd7fa2b37a4
  languageName: node
  linkType: hard

"strip-final-newline@npm:^3.0.0":
  version: 3.0.0
  resolution: "strip-final-newline@npm:3.0.0"
  checksum: 23ee263adfa2070cd0f23d1ac14e2ed2f000c9b44229aec9c799f1367ec001478469560abefd00c5c99ee6f0b31c137d53ec6029c53e9f32a93804e18c201050
  languageName: node
  linkType: hard

"tslib@npm:2.3.1":
  version: 2.3.1
  resolution: "tslib@npm:2.3.1"
  checksum: de17a98d4614481f7fcb5cd53ffc1aaf8654313be0291e1bfaee4b4bb31a20494b7d218ff2e15017883e8ea9626599b3b0e0229c18383ba9dce89da2adf15cb9
  languageName: node
  linkType: hard

"typescript@npm:^4.7.4":
  version: 4.7.4
  resolution: "typescript@npm:4.7.4"
  bin:
    tsc: bin/tsc
    tsserver: bin/tsserver
  checksum: 5750181b1cd7e6482c4195825547e70f944114fb47e58e4aa7553e62f11b3f3173766aef9c281783edfd881f7b8299cf35e3ca8caebe73d8464528c907a164df
  languageName: node
  linkType: hard

"typescript@patch:typescript@^4.7.4#~builtin<compat/typescript>":
  version: 4.7.4
  resolution: "typescript@patch:typescript@npm%3A4.7.4#~builtin<compat/typescript>::version=4.7.4&hash=f456af"
  bin:
    tsc: bin/tsc
    tsserver: bin/tsserver
  checksum: 9096d8f6c16cb80ef3bf96fcbbd055bf1c4a43bd14f3b7be45a9fbe7ada46ec977f604d5feed3263b4f2aa7d4c7477ce5f9cd87de0d6feedec69a983f3a4f93e
  languageName: node
  linkType: hard

"which@npm:^2.0.1":
  version: 2.0.2
  resolution: "which@npm:2.0.2"
  dependencies:
    isexe: ^2.0.0
  bin:
    node-which: ./bin/node-which
  checksum: 1a5c563d3c1b52d5f893c8b61afe11abc3bab4afac492e8da5bde69d550de701cf9806235f20a47b5c8fa8a1d6a9135841de2596535e998027a54589000e66d1
  languageName: node
  linkType: hard

"yocto-queue@npm:^0.1.0":
  version: 0.1.0
  resolution: "yocto-queue@npm:0.1.0"
  checksum: f77b3d8d00310def622123df93d4ee654fc6a0096182af8bd60679ddcdfb3474c56c6c7190817c84a2785648cdee9d721c0154eb45698c62176c322fb46fc700
  languageName: node
  linkType: hard
