# This file is generated by running "yarn install" inside your project.
# Manual changes might be lost - proceed with caution!

__metadata:
  version: 6
  cacheKey: 8

"@types/node@npm:^18.7.1":
  version: 18.7.1
  resolution: "@types/node@npm:18.7.1"
  checksum: f1e2b701b107f97be01da4c46845cd23bcdcb2865f9abbb2847546d09587e726ea207daca6f0d1e72196875ef8c62feeeff5f1c1f2070445acd6d1a61d815c7c
  languageName: node
  linkType: hard

"@types/prompts@npm:^2.0.14":
  version: 2.4.0
  resolution: "@types/prompts@npm:2.4.0"
  checksum: ec75655f07fbc3cb2df60a3e3bdd13bfda0554a16f5541285c4b1cc0610756838a2863dccfc911cbb1385492054c07210512164e3dbef272ec638d631783b278
  languageName: node
  linkType: hard

"apex-engine@workspace:packages/apex-engine":
  version: 0.0.0-use.local
  resolution: "apex-engine@workspace:packages/apex-engine"
  dependencies:
    typescript: ^4.7.4
  bin:
    apex: bin/apex.js
  languageName: unknown
  linkType: soft

"chalk@npm:^5.0.1":
  version: 5.0.1
  resolution: "chalk@npm:5.0.1"
  checksum: 7b45300372b908f0471fbf7389ce2f5de8d85bb949026fd51a1b95b10d0ed32c7ed5aab36dd5e9d2bf3191867909b4404cef75c5f4d2d1daeeacd301dd280b76
  languageName: node
  linkType: hard

"commander@npm:^9.4.0":
  version: 9.4.0
  resolution: "commander@npm:9.4.0"
  checksum: a322de584a6ccd1ea83c24f6a660e52d16ffbe2613fcfbb8d2cc68bc9dec637492456d754fe8bb5b039ad843ed8e04fb0b107e581a75f62cde9e1a0ab1546e09
  languageName: node
  linkType: hard

"create-apex@workspace:packages/create-apex":
  version: 0.0.0-use.local
  resolution: "create-apex@workspace:packages/create-apex"
  dependencies:
    "@types/node": ^18.7.1
    "@types/prompts": ^2.0.14
    chalk: ^5.0.1
    commander: ^9.4.0
    prompts: ^2.4.2
    typescript: ^4.7.4
  bin:
    create-apex: index.js
  languageName: unknown
  linkType: soft

"kleur@npm:^3.0.3":
  version: 3.0.3
  resolution: "kleur@npm:3.0.3"
  checksum: df82cd1e172f957bae9c536286265a5cdbd5eeca487cb0a3b2a7b41ef959fc61f8e7c0e9aeea9c114ccf2c166b6a8dd45a46fd619c1c569d210ecd2765ad5169
  languageName: node
  linkType: hard

"prompts@npm:^2.4.2":
  version: 2.4.2
  resolution: "prompts@npm:2.4.2"
  dependencies:
    kleur: ^3.0.3
    sisteransi: ^1.0.5
  checksum: d8fd1fe63820be2412c13bfc5d0a01909acc1f0367e32396962e737cb2fc52d004f3302475d5ce7d18a1e8a79985f93ff04ee03007d091029c3f9104bffc007d
  languageName: node
  linkType: hard

"root@workspace:.":
  version: 0.0.0-use.local
  resolution: "root@workspace:."
  languageName: unknown
  linkType: soft

"sisteransi@npm:^1.0.5":
  version: 1.0.5
  resolution: "sisteransi@npm:1.0.5"
  checksum: aba6438f46d2bfcef94cf112c835ab395172c75f67453fe05c340c770d3c402363018ae1ab4172a1026a90c47eaccf3af7b6ff6fa749a680c2929bd7fa2b37a4
  languageName: node
  linkType: hard

"typescript@npm:^4.7.4":
  version: 4.7.4
  resolution: "typescript@npm:4.7.4"
  bin:
    tsc: bin/tsc
    tsserver: bin/tsserver
  checksum: 5750181b1cd7e6482c4195825547e70f944114fb47e58e4aa7553e62f11b3f3173766aef9c281783edfd881f7b8299cf35e3ca8caebe73d8464528c907a164df
  languageName: node
  linkType: hard

"typescript@patch:typescript@^4.7.4#~builtin<compat/typescript>":
  version: 4.7.4
  resolution: "typescript@patch:typescript@npm%3A4.7.4#~builtin<compat/typescript>::version=4.7.4&hash=f456af"
  bin:
    tsc: bin/tsc
    tsserver: bin/tsserver
  checksum: 9096d8f6c16cb80ef3bf96fcbbd055bf1c4a43bd14f3b7be45a9fbe7ada46ec977f604d5feed3263b4f2aa7d4c7477ce5f9cd87de0d6feedec69a983f3a4f93e
  languageName: node
  linkType: hard
